// !$*UTF8*$!
{
	archiveVersion = 1;
	classes = {
	};
	objectVersion = 50;
	objects = {

/* Begin PBXBuildFile section */
		E35E5544234B09EA008E7106 /* AppDelegate.swift in Sources */ = {isa = PBXBuildFile; fileRef = E35E5543234B09EA008E7106 /* AppDelegate.swift */; };
		E35E5546234B09EA008E7106 /* SceneDelegate.swift in Sources */ = {isa = PBXBuildFile; fileRef = E35E5545234B09EA008E7106 /* SceneDelegate.swift */; };
		E35E5549234B09EA008E7106 /* Movie.xcdatamodeld in Sources */ = {isa = PBXBuildFile; fileRef = E35E5547234B09EA008E7106 /* Movie.xcdatamodeld */; };
		E35E554B234B09EA008E7106 /* ContentView.swift in Sources */ = {isa = PBXBuildFile; fileRef = E35E554A234B09EA008E7106 /* ContentView.swift */; };
		E35E554D234B09EC008E7106 /* Assets.xcassets in Resources */ = {isa = PBXBuildFile; fileRef = E35E554C234B09EC008E7106 /* Assets.xcassets */; };
		E35E5550234B09EC008E7106 /* Preview Assets.xcassets in Resources */ = {isa = PBXBuildFile; fileRef = E35E554F234B09EC008E7106 /* Preview Assets.xcassets */; };
		E35E5553234B09EC008E7106 /* LaunchScreen.storyboard in Resources */ = {isa = PBXBuildFile; fileRef = E35E5551234B09EC008E7106 /* LaunchScreen.storyboard */; };
		E35E555E234B09EC008E7106 /* MovieTests.swift in Sources */ = {isa = PBXBuildFile; fileRef = E35E555D234B09EC008E7106 /* MovieTests.swift */; };
		E35E5569234B09EC008E7106 /* MovieUITests.swift in Sources */ = {isa = PBXBuildFile; fileRef = E35E5568234B09EC008E7106 /* MovieUITests.swift */; };
/* End PBXBuildFile section */

/* Begin PBXContainerItemProxy section */
		E35E555A234B09EC008E7106 /* PBXContainerItemProxy */ = {
			isa = PBXContainerItemProxy;
			containerPortal = E35E5538234B09EA008E7106 /* Project object */;
			proxyType = 1;
			remoteGlobalIDString = E35E553F234B09EA008E7106;
			remoteInfo = Movie;
		};
		E35E5565234B09EC008E7106 /* PBXContainerItemProxy */ = {
			isa = PBXContainerItemProxy;
			containerPortal = E35E5538234B09EA008E7106 /* Project object */;
			proxyType = 1;
			remoteGlobalIDString = E35E553F234B09EA008E7106;
			remoteInfo = Movie;
		};
/* End PBXContainerItemProxy section */

/* Begin PBXFileReference section */
		E35E5540234B09EA008E7106 /* Movie.app */ = {isa = PBXFileReference; explicitFileType = wrapper.application; includeInIndex = 0; path = Movie.app; sourceTree = BUILT_PRODUCTS_DIR; };
		E35E5543234B09EA008E7106 /* AppDelegate.swift */ = {isa = PBXFileReference; lastKnownFileType = sourcecode.swift; path = AppDelegate.swift; sourceTree = "<group>"; };
		E35E5545234B09EA008E7106 /* SceneDelegate.swift */ = {isa = PBXFileReference; lastKnownFileType = sourcecode.swift; path = SceneDelegate.swift; sourceTree = "<group>"; };
		E35E5548234B09EA008E7106 /* Movie.xcdatamodel */ = {isa = PBXFileReference; lastKnownFileType = wrapper.xcdatamodel; path = Movie.xcdatamodel; sourceTree = "<group>"; };
		E35E554A234B09EA008E7106 /* ContentView.swift */ = {isa = PBXFileReference; lastKnownFileType = sourcecode.swift; path = ContentView.swift; sourceTree = "<group>"; };
		E35E554C234B09EC008E7106 /* Assets.xcassets */ = {isa = PBXFileReference; lastKnownFileType = folder.assetcatalog; path = Assets.xcassets; sourceTree = "<group>"; };
		E35E554F234B09EC008E7106 /* Preview Assets.xcassets */ = {isa = PBXFileReference; lastKnownFileType = folder.assetcatalog; path = "Preview Assets.xcassets"; sourceTree = "<group>"; };
		E35E5552234B09EC008E7106 /* Base */ = {isa = PBXFileReference; lastKnownFileType = file.storyboard; name = Base; path = Base.lproj/LaunchScreen.storyboard; sourceTree = "<group>"; };
		E35E5554234B09EC008E7106 /* Info.plist */ = {isa = PBXFileReference; lastKnownFileType = text.plist.xml; path = Info.plist; sourceTree = "<group>"; };
		E35E5559234B09EC008E7106 /* MovieTests.xctest */ = {isa = PBXFileReference; explicitFileType = wrapper.cfbundle; includeInIndex = 0; path = MovieTests.xctest; sourceTree = BUILT_PRODUCTS_DIR; };
		E35E555D234B09EC008E7106 /* MovieTests.swift */ = {isa = PBXFileReference; lastKnownFileType = sourcecode.swift; path = MovieTests.swift; sourceTree = "<group>"; };
		E35E555F234B09EC008E7106 /* Info.plist */ = {isa = PBXFileReference; lastKnownFileType = text.plist.xml; path = Info.plist; sourceTree = "<group>"; };
		E35E5564234B09EC008E7106 /* MovieUITests.xctest */ = {isa = PBXFileReference; explicitFileType = wrapper.cfbundle; includeInIndex = 0; path = MovieUITests.xctest; sourceTree = BUILT_PRODUCTS_DIR; };
		E35E5568234B09EC008E7106 /* MovieUITests.swift */ = {isa = PBXFileReference; lastKnownFileType = sourcecode.swift; path = MovieUITests.swift; sourceTree = "<group>"; };
		E35E556A234B09EC008E7106 /* Info.plist */ = {isa = PBXFileReference; lastKnownFileType = text.plist.xml; path = Info.plist; sourceTree = "<group>"; };
/* End PBXFileReference section */

/* Begin PBXFrameworksBuildPhase section */
		E35E553D234B09EA008E7106 /* Frameworks */ = {
			isa = PBXFrameworksBuildPhase;
			buildActionMask = 2147483647;
			files = (
			);
			runOnlyForDeploymentPostprocessing = 0;
		};
		E35E5556234B09EC008E7106 /* Frameworks */ = {
			isa = PBXFrameworksBuildPhase;
			buildActionMask = 2147483647;
			files = (
			);
			runOnlyForDeploymentPostprocessing = 0;
		};
		E35E5561234B09EC008E7106 /* Frameworks */ = {
			isa = PBXFrameworksBuildPhase;
			buildActionMask = 2147483647;
			files = (
			);
			runOnlyForDeploymentPostprocessing = 0;
		};
/* End PBXFrameworksBuildPhase section */

/* Begin PBXGroup section */
		E35E5537234B09EA008E7106 = {
			isa = PBXGroup;
			children = (
				E35E5542234B09EA008E7106 /* Movie */,
				E35E555C234B09EC008E7106 /* MovieTests */,
				E35E5567234B09EC008E7106 /* MovieUITests */,
				E35E5541234B09EA008E7106 /* Products */,
			);
			sourceTree = "<group>";
		};
		E35E5541234B09EA008E7106 /* Products */ = {
			isa = PBXGroup;
			children = (
				E35E5540234B09EA008E7106 /* Movie.app */,
				E35E5559234B09EC008E7106 /* MovieTests.xctest */,
				E35E5564234B09EC008E7106 /* MovieUITests.xctest */,
			);
			name = Products;
			sourceTree = "<group>";
		};
		E35E5542234B09EA008E7106 /* Movie */ = {
			isa = PBXGroup;
			children = (
				E35E5543234B09EA008E7106 /* AppDelegate.swift */,
				E35E5545234B09EA008E7106 /* SceneDelegate.swift */,
				E35E554A234B09EA008E7106 /* ContentView.swift */,
				E35E554C234B09EC008E7106 /* Assets.xcassets */,
				E35E5551234B09EC008E7106 /* LaunchScreen.storyboard */,
				E35E5554234B09EC008E7106 /* Info.plist */,
				E35E5547234B09EA008E7106 /* Movie.xcdatamodeld */,
				E35E554E234B09EC008E7106 /* Preview Content */,
			);
			path = Movie;
			sourceTree = "<group>";
		};
		E35E554E234B09EC008E7106 /* Preview Content */ = {
			isa = PBXGroup;
			children = (
				E35E554F234B09EC008E7106 /* Preview Assets.xcassets */,
			);
			path = "Preview Content";
			sourceTree = "<group>";
		};
		E35E555C234B09EC008E7106 /* MovieTests */ = {
			isa = PBXGroup;
			children = (
				E35E555D234B09EC008E7106 /* MovieTests.swift */,
				E35E555F234B09EC008E7106 /* Info.plist */,
			);
			path = MovieTests;
			sourceTree = "<group>";
		};
		E35E5567234B09EC008E7106 /* MovieUITests */ = {
			isa = PBXGroup;
			children = (
				E35E5568234B09EC008E7106 /* MovieUITests.swift */,
				E35E556A234B09EC008E7106 /* Info.plist */,
			);
			path = MovieUITests;
			sourceTree = "<group>";
		};
/* End PBXGroup section */

/* Begin PBXNativeTarget section */
		E35E553F234B09EA008E7106 /* Movie */ = {
			isa = PBXNativeTarget;
			buildConfigurationList = E35E556D234B09EC008E7106 /* Build configuration list for PBXNativeTarget "Movie" */;
			buildPhases = (
				E35E553C234B09EA008E7106 /* Sources */,
				E35E553D234B09EA008E7106 /* Frameworks */,
				E35E553E234B09EA008E7106 /* Resources */,
			);
			buildRules = (
			);
			dependencies = (
			);
			name = Movie;
			productName = Movie;
			productReference = E35E5540234B09EA008E7106 /* Movie.app */;
			productType = "com.apple.product-type.application";
		};
		E35E5558234B09EC008E7106 /* MovieTests */ = {
			isa = PBXNativeTarget;
			buildConfigurationList = E35E5570234B09EC008E7106 /* Build configuration list for PBXNativeTarget "MovieTests" */;
			buildPhases = (
				E35E5555234B09EC008E7106 /* Sources */,
				E35E5556234B09EC008E7106 /* Frameworks */,
				E35E5557234B09EC008E7106 /* Resources */,
			);
			buildRules = (
			);
			dependencies = (
				E35E555B234B09EC008E7106 /* PBXTargetDependency */,
			);
			name = MovieTests;
			productName = MovieTests;
			productReference = E35E5559234B09EC008E7106 /* MovieTests.xctest */;
			productType = "com.apple.product-type.bundle.unit-test";
		};
		E35E5563234B09EC008E7106 /* MovieUITests */ = {
			isa = PBXNativeTarget;
			buildConfigurationList = E35E5573234B09EC008E7106 /* Build configuration list for PBXNativeTarget "MovieUITests" */;
			buildPhases = (
				E35E5560234B09EC008E7106 /* Sources */,
				E35E5561234B09EC008E7106 /* Frameworks */,
				E35E5562234B09EC008E7106 /* Resources */,
			);
			buildRules = (
			);
			dependencies = (
				E35E5566234B09EC008E7106 /* PBXTargetDependency */,
			);
			name = MovieUITests;
			productName = MovieUITests;
			productReference = E35E5564234B09EC008E7106 /* MovieUITests.xctest */;
			productType = "com.apple.product-type.bundle.ui-testing";
		};
/* End PBXNativeTarget section */

/* Begin PBXProject section */
		E35E5538234B09EA008E7106 /* Project object */ = {
			isa = PBXProject;
			attributes = {
				LastSwiftUpdateCheck = 1100;
				LastUpgradeCheck = 1100;
				ORGANIZATIONNAME = Won;
				TargetAttributes = {
					E35E553F234B09EA008E7106 = {
						CreatedOnToolsVersion = 11.0;
					};
					E35E5558234B09EC008E7106 = {
						CreatedOnToolsVersion = 11.0;
						TestTargetID = E35E553F234B09EA008E7106;
					};
					E35E5563234B09EC008E7106 = {
						CreatedOnToolsVersion = 11.0;
						TestTargetID = E35E553F234B09EA008E7106;
					};
				};
			};
			buildConfigurationList = E35E553B234B09EA008E7106 /* Build configuration list for PBXProject "Movie" */;
			compatibilityVersion = "Xcode 9.3";
			developmentRegion = en;
			hasScannedForEncodings = 0;
			knownRegions = (
				en,
				Base,
			);
			mainGroup = E35E5537234B09EA008E7106;
			productRefGroup = E35E5541234B09EA008E7106 /* Products */;
			projectDirPath = "";
			projectRoot = "";
			targets = (
				E35E553F234B09EA008E7106 /* Movie */,
				E35E5558234B09EC008E7106 /* MovieTests */,
				E35E5563234B09EC008E7106 /* MovieUITests */,
			);
		};
/* End PBXProject section */

/* Begin PBXResourcesBuildPhase section */
		E35E553E234B09EA008E7106 /* Resources */ = {
			isa = PBXResourcesBuildPhase;
			buildActionMask = 2147483647;
			files = (
				E35E5553234B09EC008E7106 /* LaunchScreen.storyboard in Resources */,
				E35E5550234B09EC008E7106 /* Preview Assets.xcassets in Resources */,
				E35E554D234B09EC008E7106 /* Assets.xcassets in Resources */,
			);
			runOnlyForDeploymentPostprocessing = 0;
		};
		E35E5557234B09EC008E7106 /* Resources */ = {
			isa = PBXResourcesBuildPhase;
			buildActionMask = 2147483647;
			files = (
			);
			runOnlyForDeploymentPostprocessing = 0;
		};
		E35E5562234B09EC008E7106 /* Resources */ = {
			isa = PBXResourcesBuildPhase;
			buildActionMask = 2147483647;
			files = (
			);
			runOnlyForDeploymentPostprocessing = 0;
		};
/* End PBXResourcesBuildPhase section */

/* Begin PBXSourcesBuildPhase section */
		E35E553C234B09EA008E7106 /* Sources */ = {
			isa = PBXSourcesBuildPhase;
			buildActionMask = 2147483647;
			files = (
				E35E5544234B09EA008E7106 /* AppDelegate.swift in Sources */,
				E35E5549234B09EA008E7106 /* Movie.xcdatamodeld in Sources */,
				E35E554B234B09EA008E7106 /* ContentView.swift in Sources */,
				E35E5546234B09EA008E7106 /* SceneDelegate.swift in Sources */,
			);
			runOnlyForDeploymentPostprocessing = 0;
		};
		E35E5555234B09EC008E7106 /* Sources */ = {
			isa = PBXSourcesBuildPhase;
			buildActionMask = 2147483647;
			files = (
				E35E555E234B09EC008E7106 /* MovieTests.swift in Sources */,
			);
			runOnlyForDeploymentPostprocessing = 0;
		};
		E35E5560234B09EC008E7106 /* Sources */ = {
			isa = PBXSourcesBuildPhase;
			buildActionMask = 2147483647;
			files = (
				E35E5569234B09EC008E7106 /* MovieUITests.swift in Sources */,
			);
			runOnlyForDeploymentPostprocessing = 0;
		};
/* End PBXSourcesBuildPhase section */

/* Begin PBXTargetDependency section */
		E35E555B234B09EC008E7106 /* PBXTargetDependency */ = {
			isa = PBXTargetDependency;
			target = E35E553F234B09EA008E7106 /* Movie */;
			targetProxy = E35E555A234B09EC008E7106 /* PBXContainerItemProxy */;
		};
		E35E5566234B09EC008E7106 /* PBXTargetDependency */ = {
			isa = PBXTargetDependency;
			target = E35E553F234B09EA008E7106 /* Movie */;
			targetProxy = E35E5565234B09EC008E7106 /* PBXContainerItemProxy */;
		};
/* End PBXTargetDependency section */

/* Begin PBXVariantGroup section */
		E35E5551234B09EC008E7106 /* LaunchScreen.storyboard */ = {
			isa = PBXVariantGroup;
			children = (
				E35E5552234B09EC008E7106 /* Base */,
			);
			name = LaunchScreen.storyboard;
			sourceTree = "<group>";
		};
/* End PBXVariantGroup section */

/* Begin XCBuildConfiguration section */
		E35E556B234B09EC008E7106 /* Debug */ = {
			isa = XCBuildConfiguration;
			buildSettings = {
				ALWAYS_SEARCH_USER_PATHS = NO;
				CLANG_ANALYZER_NONNULL = YES;
				CLANG_ANALYZER_NUMBER_OBJECT_CONVERSION = YES_AGGRESSIVE;
				CLANG_CXX_LANGUAGE_STANDARD = "gnu++14";
				CLANG_CXX_LIBRARY = "libc++";
				CLANG_ENABLE_MODULES = YES;
				CLANG_ENABLE_OBJC_ARC = YES;
				CLANG_ENABLE_OBJC_WEAK = YES;
				CLANG_WARN_BLOCK_CAPTURE_AUTORELEASING = YES;
				CLANG_WARN_BOOL_CONVERSION = YES;
				CLANG_WARN_COMMA = YES;
				CLANG_WARN_CONSTANT_CONVERSION = YES;
				CLANG_WARN_DEPRECATED_OBJC_IMPLEMENTATIONS = YES;
				CLANG_WARN_DIRECT_OBJC_ISA_USAGE = YES_ERROR;
				CLANG_WARN_DOCUMENTATION_COMMENTS = YES;
				CLANG_WARN_EMPTY_BODY = YES;
				CLANG_WARN_ENUM_CONVERSION = YES;
				CLANG_WARN_INFINITE_RECURSION = YES;
				CLANG_WARN_INT_CONVERSION = YES;
				CLANG_WARN_NON_LITERAL_NULL_CONVERSION = YES;
				CLANG_WARN_OBJC_IMPLICIT_RETAIN_SELF = YES;
				CLANG_WARN_OBJC_LITERAL_CONVERSION = YES;
				CLANG_WARN_OBJC_ROOT_CLASS = YES_ERROR;
				CLANG_WARN_RANGE_LOOP_ANALYSIS = YES;
				CLANG_WARN_STRICT_PROTOTYPES = YES;
				CLANG_WARN_SUSPICIOUS_MOVE = YES;
				CLANG_WARN_UNGUARDED_AVAILABILITY = YES_AGGRESSIVE;
				CLANG_WARN_UNREACHABLE_CODE = YES;
				CLANG_WARN__DUPLICATE_METHOD_MATCH = YES;
				COPY_PHASE_STRIP = NO;
				DEBUG_INFORMATION_FORMAT = dwarf;
				ENABLE_STRICT_OBJC_MSGSEND = YES;
				ENABLE_TESTABILITY = YES;
				GCC_C_LANGUAGE_STANDARD = gnu11;
				GCC_DYNAMIC_NO_PIC = NO;
				GCC_NO_COMMON_BLOCKS = YES;
				GCC_OPTIMIZATION_LEVEL = 0;
				GCC_PREPROCESSOR_DEFINITIONS = (
					"DEBUG=1",
					"$(inherited)",
				);
				GCC_WARN_64_TO_32_BIT_CONVERSION = YES;
				GCC_WARN_ABOUT_RETURN_TYPE = YES_ERROR;
				GCC_WARN_UNDECLARED_SELECTOR = YES;
				GCC_WARN_UNINITIALIZED_AUTOS = YES_AGGRESSIVE;
				GCC_WARN_UNUSED_FUNCTION = YES;
				GCC_WARN_UNUSED_VARIABLE = YES;
				IPHONEOS_DEPLOYMENT_TARGET = 13.0;
				MTL_ENABLE_DEBUG_INFO = INCLUDE_SOURCE;
				MTL_FAST_MATH = YES;
				ONLY_ACTIVE_ARCH = YES;
				SDKROOT = iphoneos;
				SWIFT_ACTIVE_COMPILATION_CONDITIONS = DEBUG;
				SWIFT_OPTIMIZATION_LEVEL = "-Onone";
			};
			name = Debug;
		};
		E35E556C234B09EC008E7106 /* Release */ = {
			isa = XCBuildConfiguration;
			buildSettings = {
				ALWAYS_SEARCH_USER_PATHS = NO;
				CLANG_ANALYZER_NONNULL = YES;
				CLANG_ANALYZER_NUMBER_OBJECT_CONVERSION = YES_AGGRESSIVE;
				CLANG_CXX_LANGUAGE_STANDARD = "gnu++14";
				CLANG_CXX_LIBRARY = "libc++";
				CLANG_ENABLE_MODULES = YES;
				CLANG_ENABLE_OBJC_ARC = YES;
				CLANG_ENABLE_OBJC_WEAK = YES;
				CLANG_WARN_BLOCK_CAPTURE_AUTORELEASING = YES;
				CLANG_WARN_BOOL_CONVERSION = YES;
				CLANG_WARN_COMMA = YES;
				CLANG_WARN_CONSTANT_CONVERSION = YES;
				CLANG_WARN_DEPRECATED_OBJC_IMPLEMENTATIONS = YES;
				CLANG_WARN_DIRECT_OBJC_ISA_USAGE = YES_ERROR;
				CLANG_WARN_DOCUMENTATION_COMMENTS = YES;
				CLANG_WARN_EMPTY_BODY = YES;
				CLANG_WARN_ENUM_CONVERSION = YES;
				CLANG_WARN_INFINITE_RECURSION = YES;
				CLANG_WARN_INT_CONVERSION = YES;
				CLANG_WARN_NON_LITERAL_NULL_CONVERSION = YES;
				CLANG_WARN_OBJC_IMPLICIT_RETAIN_SELF = YES;
				CLANG_WARN_OBJC_LITERAL_CONVERSION = YES;
				CLANG_WARN_OBJC_ROOT_CLASS = YES_ERROR;
				CLANG_WARN_RANGE_LOOP_ANALYSIS = YES;
				CLANG_WARN_STRICT_PROTOTYPES = YES;
				CLANG_WARN_SUSPICIOUS_MOVE = YES;
				CLANG_WARN_UNGUARDED_AVAILABILITY = YES_AGGRESSIVE;
				CLANG_WARN_UNREACHABLE_CODE = YES;
				CLANG_WARN__DUPLICATE_METHOD_MATCH = YES;
				COPY_PHASE_STRIP = NO;
				DEBUG_INFORMATION_FORMAT = "dwarf-with-dsym";
				ENABLE_NS_ASSERTIONS = NO;
				ENABLE_STRICT_OBJC_MSGSEND = YES;
				GCC_C_LANGUAGE_STANDARD = gnu11;
				GCC_NO_COMMON_BLOCKS = YES;
				GCC_WARN_64_TO_32_BIT_CONVERSION = YES;
				GCC_WARN_ABOUT_RETURN_TYPE = YES_ERROR;
				GCC_WARN_UNDECLARED_SELECTOR = YES;
				GCC_WARN_UNINITIALIZED_AUTOS = YES_AGGRESSIVE;
				GCC_WARN_UNUSED_FUNCTION = YES;
				GCC_WARN_UNUSED_VARIABLE = YES;
				IPHONEOS_DEPLOYMENT_TARGET = 13.0;
				MTL_ENABLE_DEBUG_INFO = NO;
				MTL_FAST_MATH = YES;
				SDKROOT = iphoneos;
				SWIFT_COMPILATION_MODE = wholemodule;
				SWIFT_OPTIMIZATION_LEVEL = "-O";
				VALIDATE_PRODUCT = YES;
			};
			name = Release;
		};
		E35E556E234B09EC008E7106 /* Debug */ = {
			isa = XCBuildConfiguration;
			buildSettings = {
				ASSETCATALOG_COMPILER_APPICON_NAME = AppIcon;
				CODE_SIGN_STYLE = Automatic;
				DEVELOPMENT_ASSET_PATHS = "\"Movie/Preview Content\"";
				DEVELOPMENT_TEAM = J2WX5LW4CC;
				ENABLE_PREVIEWS = YES;
				INFOPLIST_FILE = Movie/Info.plist;
				LD_RUNPATH_SEARCH_PATHS = (
					"$(inherited)",
					"@executable_path/Frameworks",
				);
				PRODUCT_BUNDLE_IDENTIFIER = com.trilliwon.movie.Movie;
				PRODUCT_NAME = "$(TARGET_NAME)";
				SWIFT_VERSION = 5.0;
				TARGETED_DEVICE_FAMILY = "1,2";
			};
			name = Debug;
		};
		E35E556F234B09EC008E7106 /* Release */ = {
			isa = XCBuildConfiguration;
			buildSettings = {
				ASSETCATALOG_COMPILER_APPICON_NAME = AppIcon;
				CODE_SIGN_STYLE = Automatic;
				DEVELOPMENT_ASSET_PATHS = "\"Movie/Preview Content\"";
				DEVELOPMENT_TEAM = J2WX5LW4CC;
				ENABLE_PREVIEWS = YES;
				INFOPLIST_FILE = Movie/Info.plist;
				LD_RUNPATH_SEARCH_PATHS = (
					"$(inherited)",
					"@executable_path/Frameworks",
				);
				PRODUCT_BUNDLE_IDENTIFIER = com.trilliwon.movie.Movie;
				PRODUCT_NAME = "$(TARGET_NAME)";
				SWIFT_VERSION = 5.0;
				TARGETED_DEVICE_FAMILY = "1,2";
			};
			name = Release;
		};
		E35E5571234B09EC008E7106 /* Debug */ = {
			isa = XCBuildConfiguration;
			buildSettings = {
				ALWAYS_EMBED_SWIFT_STANDARD_LIBRARIES = YES;
				BUNDLE_LOADER = "$(TEST_HOST)";
				CODE_SIGN_STYLE = Automatic;
				DEVELOPMENT_TEAM = J2WX5LW4CC;
				INFOPLIST_FILE = MovieTests/Info.plist;
				IPHONEOS_DEPLOYMENT_TARGET = 13.0;
				LD_RUNPATH_SEARCH_PATHS = (
					"$(inherited)",
					"@executable_path/Frameworks",
					"@loader_path/Frameworks",
				);
				PRODUCT_BUNDLE_IDENTIFIER = com.trilliwon.movie.MovieTests;
				PRODUCT_NAME = "$(TARGET_NAME)";
				SWIFT_VERSION = 5.0;
				TARGETED_DEVICE_FAMILY = "1,2";
				TEST_HOST = "$(BUILT_PRODUCTS_DIR)/Movie.app/Movie";
			};
			name = Debug;
		};
		E35E5572234B09EC008E7106 /* Release */ = {
			isa = XCBuildConfiguration;
			buildSettings = {
				ALWAYS_EMBED_SWIFT_STANDARD_LIBRARIES = YES;
				BUNDLE_LOADER = "$(TEST_HOST)";
				CODE_SIGN_STYLE = Automatic;
				DEVELOPMENT_TEAM = J2WX5LW4CC;
				INFOPLIST_FILE = MovieTests/Info.plist;
				IPHONEOS_DEPLOYMENT_TARGET = 13.0;
				LD_RUNPATH_SEARCH_PATHS = (
					"$(inherited)",
					"@executable_path/Frameworks",
					"@loader_path/Frameworks",
				);
				PRODUCT_BUNDLE_IDENTIFIER = com.trilliwon.movie.MovieTests;
				PRODUCT_NAME = "$(TARGET_NAME)";
				SWIFT_VERSION = 5.0;
				TARGETED_DEVICE_FAMILY = "1,2";
				TEST_HOST = "$(BUILT_PRODUCTS_DIR)/Movie.app/Movie";
			};
			name = Release;
		};
		E35E5574234B09EC008E7106 /* Debug */ = {
			isa = XCBuildConfiguration;
			buildSettings = {
				ALWAYS_EMBED_SWIFT_STANDARD_LIBRARIES = YES;
				CODE_SIGN_STYLE = Automatic;
				DEVELOPMENT_TEAM = J2WX5LW4CC;
				INFOPLIST_FILE = MovieUITests/Info.plist;
				LD_RUNPATH_SEARCH_PATHS = (
					"$(inherited)",
					"@executable_path/Frameworks",
					"@loader_path/Frameworks",
				);
				PRODUCT_BUNDLE_IDENTIFIER = com.trilliwon.movie.MovieUITests;
				PRODUCT_NAME = "$(TARGET_NAME)";
				SWIFT_VERSION = 5.0;
				TARGETED_DEVICE_FAMILY = "1,2";
				TEST_TARGET_NAME = Movie;
			};
			name = Debug;
		};
		E35E5575234B09EC008E7106 /* Release */ = {
			isa = XCBuildConfiguration;
			buildSettings = {
				ALWAYS_EMBED_SWIFT_STANDARD_LIBRARIES = YES;
				CODE_SIGN_STYLE = Automatic;
				DEVELOPMENT_TEAM = J2WX5LW4CC;
				INFOPLIST_FILE = MovieUITests/Info.plist;
				LD_RUNPATH_SEARCH_PATHS = (
					"$(inherited)",
					"@executable_path/Frameworks",
					"@loader_path/Frameworks",
				);
				PRODUCT_BUNDLE_IDENTIFIER = com.trilliwon.movie.MovieUITests;
				PRODUCT_NAME = "$(TARGET_NAME)";
				SWIFT_VERSION = 5.0;
				TARGETED_DEVICE_FAMILY = "1,2";
				TEST_TARGET_NAME = Movie;
			};
			name = Release;
		};
/* End XCBuildConfiguration section */

/* Begin XCConfigurationList section */
		E35E553B234B09EA008E7106 /* Build configuration list for PBXProject "Movie" */ = {
			isa = XCConfigurationList;
			buildConfigurations = (
				E35E556B234B09EC008E7106 /* Debug */,
				E35E556C234B09EC008E7106 /* Release */,
			);
			defaultConfigurationIsVisible = 0;
			defaultConfigurationName = Release;
		};
		E35E556D234B09EC008E7106 /* Build configuration list for PBXNativeTarget "Movie" */ = {
			isa = XCConfigurationList;
			buildConfigurations = (
				E35E556E234B09EC008E7106 /* Debug */,
				E35E556F234B09EC008E7106 /* Release */,
			);
			defaultConfigurationIsVisible = 0;
			defaultConfigurationName = Release;
		};
		E35E5570234B09EC008E7106 /* Build configuration list for PBXNativeTarget "MovieTests" */ = {
			isa = XCConfigurationList;
			buildConfigurations = (
				E35E5571234B09EC008E7106 /* Debug */,
				E35E5572234B09EC008E7106 /* Release */,
			);
			defaultConfigurationIsVisible = 0;
			defaultConfigurationName = Release;
		};
		E35E5573234B09EC008E7106 /* Build configuration list for PBXNativeTarget "MovieUITests" */ = {
			isa = XCConfigurationList;
			buildConfigurations = (
				E35E5574234B09EC008E7106 /* Debug */,
				E35E5575234B09EC008E7106 /* Release */,
			);
			defaultConfigurationIsVisible = 0;
			defaultConfigurationName = Release;
		};
/* End XCConfigurationList section */

/* Begin XCVersionGroup section */
		E35E5547234B09EA008E7106 /* Movie.xcdatamodeld */ = {
			isa = XCVersionGroup;
			children = (
				E35E5548234B09EA008E7106 /* Movie.xcdatamodel */,
			);
			currentVersion = E35E5548234B09EA008E7106 /* Movie.xcdatamodel */;
			path = Movie.xcdatamodeld;
			sourceTree = "<group>";
			versionGroupType = wrapper.xcdatamodel;
		};
/* End XCVersionGroup section */
	};
	rootObject = E35E5538234B09EA008E7106 /* Project object */;
}
