// !$*UTF8*$!
{
	archiveVersion = 1;
	classes = {
	};
	objectVersion = 50;
	objects = {

/* Begin PBXBuildFile section */
		E32FE373234DE582003CA7F1 /* AppDelegate.swift in Sources */ = {isa = PBXBuildFile; fileRef = E32FE372234DE582003CA7F1 /* AppDelegate.swift */; };
		E32FE375234DE582003CA7F1 /* SceneDelegate.swift in Sources */ = {isa = PBXBuildFile; fileRef = E32FE374234DE582003CA7F1 /* SceneDelegate.swift */; };
		E32FE377234DE582003CA7F1 /* ContentView.swift in Sources */ = {isa = PBXBuildFile; fileRef = E32FE376234DE582003CA7F1 /* ContentView.swift */; };
		E32FE379234DE583003CA7F1 /* Assets.xcassets in Resources */ = {isa = PBXBuildFile; fileRef = E32FE378234DE583003CA7F1 /* Assets.xcassets */; };
		E32FE37C234DE583003CA7F1 /* Preview Assets.xcassets in Resources */ = {isa = PBXBuildFile; fileRef = E32FE37B234DE583003CA7F1 /* Preview Assets.xcassets */; };
		E32FE37F234DE583003CA7F1 /* LaunchScreen.storyboard in Resources */ = {isa = PBXBuildFile; fileRef = E32FE37D234DE583003CA7F1 /* LaunchScreen.storyboard */; };
		E32FE38A234DE583003CA7F1 /* combine_practice_01Tests.swift in Sources */ = {isa = PBXBuildFile; fileRef = E32FE389234DE583003CA7F1 /* combine_practice_01Tests.swift */; };
		E32FE395234DE583003CA7F1 /* combine_practice_01UITests.swift in Sources */ = {isa = PBXBuildFile; fileRef = E32FE394234DE583003CA7F1 /* combine_practice_01UITests.swift */; };
/* End PBXBuildFile section */

/* Begin PBXContainerItemProxy section */
		E32FE386234DE583003CA7F1 /* PBXContainerItemProxy */ = {
			isa = PBXContainerItemProxy;
			containerPortal = E32FE367234DE582003CA7F1 /* Project object */;
			proxyType = 1;
			remoteGlobalIDString = E32FE36E234DE582003CA7F1;
			remoteInfo = "combine-practice-01";
		};
		E32FE391234DE583003CA7F1 /* PBXContainerItemProxy */ = {
			isa = PBXContainerItemProxy;
			containerPortal = E32FE367234DE582003CA7F1 /* Project object */;
			proxyType = 1;
			remoteGlobalIDString = E32FE36E234DE582003CA7F1;
			remoteInfo = "combine-practice-01";
		};
/* End PBXContainerItemProxy section */

/* Begin PBXFileReference section */
		E32FE36F234DE582003CA7F1 /* combine-practice-01.app */ = {isa = PBXFileReference; explicitFileType = wrapper.application; includeInIndex = 0; path = "combine-practice-01.app"; sourceTree = BUILT_PRODUCTS_DIR; };
		E32FE372234DE582003CA7F1 /* AppDelegate.swift */ = {isa = PBXFileReference; lastKnownFileType = sourcecode.swift; path = AppDelegate.swift; sourceTree = "<group>"; };
		E32FE374234DE582003CA7F1 /* SceneDelegate.swift */ = {isa = PBXFileReference; lastKnownFileType = sourcecode.swift; path = SceneDelegate.swift; sourceTree = "<group>"; };
		E32FE376234DE582003CA7F1 /* ContentView.swift */ = {isa = PBXFileReference; lastKnownFileType = sourcecode.swift; path = ContentView.swift; sourceTree = "<group>"; };
		E32FE378234DE583003CA7F1 /* Assets.xcassets */ = {isa = PBXFileReference; lastKnownFileType = folder.assetcatalog; path = Assets.xcassets; sourceTree = "<group>"; };
		E32FE37B234DE583003CA7F1 /* Preview Assets.xcassets */ = {isa = PBXFileReference; lastKnownFileType = folder.assetcatalog; path = "Preview Assets.xcassets"; sourceTree = "<group>"; };
		E32FE37E234DE583003CA7F1 /* Base */ = {isa = PBXFileReference; lastKnownFileType = file.storyboard; name = Base; path = Base.lproj/LaunchScreen.storyboard; sourceTree = "<group>"; };
		E32FE380234DE583003CA7F1 /* Info.plist */ = {isa = PBXFileReference; lastKnownFileType = text.plist.xml; path = Info.plist; sourceTree = "<group>"; };
		E32FE385234DE583003CA7F1 /* combine-practice-01Tests.xctest */ = {isa = PBXFileReference; explicitFileType = wrapper.cfbundle; includeInIndex = 0; path = "combine-practice-01Tests.xctest"; sourceTree = BUILT_PRODUCTS_DIR; };
		E32FE389234DE583003CA7F1 /* combine_practice_01Tests.swift */ = {isa = PBXFileReference; lastKnownFileType = sourcecode.swift; path = combine_practice_01Tests.swift; sourceTree = "<group>"; };
		E32FE38B234DE583003CA7F1 /* Info.plist */ = {isa = PBXFileReference; lastKnownFileType = text.plist.xml; path = Info.plist; sourceTree = "<group>"; };
		E32FE390234DE583003CA7F1 /* combine-practice-01UITests.xctest */ = {isa = PBXFileReference; explicitFileType = wrapper.cfbundle; includeInIndex = 0; path = "combine-practice-01UITests.xctest"; sourceTree = BUILT_PRODUCTS_DIR; };
		E32FE394234DE583003CA7F1 /* combine_practice_01UITests.swift */ = {isa = PBXFileReference; lastKnownFileType = sourcecode.swift; path = combine_practice_01UITests.swift; sourceTree = "<group>"; };
		E32FE396234DE583003CA7F1 /* Info.plist */ = {isa = PBXFileReference; lastKnownFileType = text.plist.xml; path = Info.plist; sourceTree = "<group>"; };
/* End PBXFileReference section */

/* Begin PBXFrameworksBuildPhase section */
		E32FE36C234DE582003CA7F1 /* Frameworks */ = {
			isa = PBXFrameworksBuildPhase;
			buildActionMask = 2147483647;
			files = (
			);
			runOnlyForDeploymentPostprocessing = 0;
		};
		E32FE382234DE583003CA7F1 /* Frameworks */ = {
			isa = PBXFrameworksBuildPhase;
			buildActionMask = 2147483647;
			files = (
			);
			runOnlyForDeploymentPostprocessing = 0;
		};
		E32FE38D234DE583003CA7F1 /* Frameworks */ = {
			isa = PBXFrameworksBuildPhase;
			buildActionMask = 2147483647;
			files = (
			);
			runOnlyForDeploymentPostprocessing = 0;
		};
/* End PBXFrameworksBuildPhase section */

/* Begin PBXGroup section */
		E32FE366234DE582003CA7F1 = {
			isa = PBXGroup;
			children = (
				E32FE371234DE582003CA7F1 /* combine-practice-01 */,
				E32FE388234DE583003CA7F1 /* combine-practice-01Tests */,
				E32FE393234DE583003CA7F1 /* combine-practice-01UITests */,
				E32FE370234DE582003CA7F1 /* Products */,
			);
			sourceTree = "<group>";
		};
		E32FE370234DE582003CA7F1 /* Products */ = {
			isa = PBXGroup;
			children = (
				E32FE36F234DE582003CA7F1 /* combine-practice-01.app */,
				E32FE385234DE583003CA7F1 /* combine-practice-01Tests.xctest */,
				E32FE390234DE583003CA7F1 /* combine-practice-01UITests.xctest */,
			);
			name = Products;
			sourceTree = "<group>";
		};
		E32FE371234DE582003CA7F1 /* combine-practice-01 */ = {
			isa = PBXGroup;
			children = (
				E32FE372234DE582003CA7F1 /* AppDelegate.swift */,
				E32FE374234DE582003CA7F1 /* SceneDelegate.swift */,
				E32FE376234DE582003CA7F1 /* ContentView.swift */,
				E32FE378234DE583003CA7F1 /* Assets.xcassets */,
				E32FE37D234DE583003CA7F1 /* LaunchScreen.storyboard */,
				E32FE380234DE583003CA7F1 /* Info.plist */,
				E32FE37A234DE583003CA7F1 /* Preview Content */,
			);
			path = "combine-practice-01";
			sourceTree = "<group>";
		};
		E32FE37A234DE583003CA7F1 /* Preview Content */ = {
			isa = PBXGroup;
			children = (
				E32FE37B234DE583003CA7F1 /* Preview Assets.xcassets */,
			);
			path = "Preview Content";
			sourceTree = "<group>";
		};
		E32FE388234DE583003CA7F1 /* combine-practice-01Tests */ = {
			isa = PBXGroup;
			children = (
				E32FE389234DE583003CA7F1 /* combine_practice_01Tests.swift */,
				E32FE38B234DE583003CA7F1 /* Info.plist */,
			);
			path = "combine-practice-01Tests";
			sourceTree = "<group>";
		};
		E32FE393234DE583003CA7F1 /* combine-practice-01UITests */ = {
			isa = PBXGroup;
			children = (
				E32FE394234DE583003CA7F1 /* combine_practice_01UITests.swift */,
				E32FE396234DE583003CA7F1 /* Info.plist */,
			);
			path = "combine-practice-01UITests";
			sourceTree = "<group>";
		};
/* End PBXGroup section */

/* Begin PBXNativeTarget section */
		E32FE36E234DE582003CA7F1 /* combine-practice-01 */ = {
			isa = PBXNativeTarget;
			buildConfigurationList = E32FE399234DE583003CA7F1 /* Build configuration list for PBXNativeTarget "combine-practice-01" */;
			buildPhases = (
				E32FE36B234DE582003CA7F1 /* Sources */,
				E32FE36C234DE582003CA7F1 /* Frameworks */,
				E32FE36D234DE582003CA7F1 /* Resources */,
			);
			buildRules = (
			);
			dependencies = (
			);
			name = "combine-practice-01";
			productName = "combine-practice-01";
			productReference = E32FE36F234DE582003CA7F1 /* combine-practice-01.app */;
			productType = "com.apple.product-type.application";
		};
		E32FE384234DE583003CA7F1 /* combine-practice-01Tests */ = {
			isa = PBXNativeTarget;
			buildConfigurationList = E32FE39C234DE583003CA7F1 /* Build configuration list for PBXNativeTarget "combine-practice-01Tests" */;
			buildPhases = (
				E32FE381234DE583003CA7F1 /* Sources */,
				E32FE382234DE583003CA7F1 /* Frameworks */,
				E32FE383234DE583003CA7F1 /* Resources */,
			);
			buildRules = (
			);
			dependencies = (
				E32FE387234DE583003CA7F1 /* PBXTargetDependency */,
			);
			name = "combine-practice-01Tests";
			productName = "combine-practice-01Tests";
			productReference = E32FE385234DE583003CA7F1 /* combine-practice-01Tests.xctest */;
			productType = "com.apple.product-type.bundle.unit-test";
		};
		E32FE38F234DE583003CA7F1 /* combine-practice-01UITests */ = {
			isa = PBXNativeTarget;
			buildConfigurationList = E32FE39F234DE583003CA7F1 /* Build configuration list for PBXNativeTarget "combine-practice-01UITests" */;
			buildPhases = (
				E32FE38C234DE583003CA7F1 /* Sources */,
				E32FE38D234DE583003CA7F1 /* Frameworks */,
				E32FE38E234DE583003CA7F1 /* Resources */,
			);
			buildRules = (
			);
			dependencies = (
				E32FE392234DE583003CA7F1 /* PBXTargetDependency */,
			);
			name = "combine-practice-01UITests";
			productName = "combine-practice-01UITests";
			productReference = E32FE390234DE583003CA7F1 /* combine-practice-01UITests.xctest */;
			productType = "com.apple.product-type.bundle.ui-testing";
		};
/* End PBXNativeTarget section */

/* Begin PBXProject section */
		E32FE367234DE582003CA7F1 /* Project object */ = {
			isa = PBXProject;
			attributes = {
				LastSwiftUpdateCheck = 1110;
				LastUpgradeCheck = 1110;
				ORGANIZATIONNAME = Won;
				TargetAttributes = {
					E32FE36E234DE582003CA7F1 = {
						CreatedOnToolsVersion = 11.1;
					};
					E32FE384234DE583003CA7F1 = {
						CreatedOnToolsVersion = 11.1;
						TestTargetID = E32FE36E234DE582003CA7F1;
					};
					E32FE38F234DE583003CA7F1 = {
						CreatedOnToolsVersion = 11.1;
						TestTargetID = E32FE36E234DE582003CA7F1;
					};
				};
			};
			buildConfigurationList = E32FE36A234DE582003CA7F1 /* Build configuration list for PBXProject "combine-practice-01" */;
			compatibilityVersion = "Xcode 9.3";
			developmentRegion = en;
			hasScannedForEncodings = 0;
			knownRegions = (
				en,
				Base,
			);
			mainGroup = E32FE366234DE582003CA7F1;
			productRefGroup = E32FE370234DE582003CA7F1 /* Products */;
			projectDirPath = "";
			projectRoot = "";
			targets = (
				E32FE36E234DE582003CA7F1 /* combine-practice-01 */,
				E32FE384234DE583003CA7F1 /* combine-practice-01Tests */,
				E32FE38F234DE583003CA7F1 /* combine-practice-01UITests */,
			);
		};
/* End PBXProject section */

/* Begin PBXResourcesBuildPhase section */
		E32FE36D234DE582003CA7F1 /* Resources */ = {
			isa = PBXResourcesBuildPhase;
			buildActionMask = 2147483647;
			files = (
				E32FE37F234DE583003CA7F1 /* LaunchScreen.storyboard in Resources */,
				E32FE37C234DE583003CA7F1 /* Preview Assets.xcassets in Resources */,
				E32FE379234DE583003CA7F1 /* Assets.xcassets in Resources */,
			);
			runOnlyForDeploymentPostprocessing = 0;
		};
		E32FE383234DE583003CA7F1 /* Resources */ = {
			isa = PBXResourcesBuildPhase;
			buildActionMask = 2147483647;
			files = (
			);
			runOnlyForDeploymentPostprocessing = 0;
		};
		E32FE38E234DE583003CA7F1 /* Resources */ = {
			isa = PBXResourcesBuildPhase;
			buildActionMask = 2147483647;
			files = (
			);
			runOnlyForDeploymentPostprocessing = 0;
		};
/* End PBXResourcesBuildPhase section */

/* Begin PBXSourcesBuildPhase section */
		E32FE36B234DE582003CA7F1 /* Sources */ = {
			isa = PBXSourcesBuildPhase;
			buildActionMask = 2147483647;
			files = (
				E32FE373234DE582003CA7F1 /* AppDelegate.swift in Sources */,
				E32FE375234DE582003CA7F1 /* SceneDelegate.swift in Sources */,
				E32FE377234DE582003CA7F1 /* ContentView.swift in Sources */,
			);
			runOnlyForDeploymentPostprocessing = 0;
		};
		E32FE381234DE583003CA7F1 /* Sources */ = {
			isa = PBXSourcesBuildPhase;
			buildActionMask = 2147483647;
			files = (
				E32FE38A234DE583003CA7F1 /* combine_practice_01Tests.swift in Sources */,
			);
			runOnlyForDeploymentPostprocessing = 0;
		};
		E32FE38C234DE583003CA7F1 /* Sources */ = {
			isa = PBXSourcesBuildPhase;
			buildActionMask = 2147483647;
			files = (
				E32FE395234DE583003CA7F1 /* combine_practice_01UITests.swift in Sources */,
			);
			runOnlyForDeploymentPostprocessing = 0;
		};
/* End PBXSourcesBuildPhase section */

/* Begin PBXTargetDependency section */
		E32FE387234DE583003CA7F1 /* PBXTargetDependency */ = {
			isa = PBXTargetDependency;
			target = E32FE36E234DE582003CA7F1 /* combine-practice-01 */;
			targetProxy = E32FE386234DE583003CA7F1 /* PBXContainerItemProxy */;
		};
		E32FE392234DE583003CA7F1 /* PBXTargetDependency */ = {
			isa = PBXTargetDependency;
			target = E32FE36E234DE582003CA7F1 /* combine-practice-01 */;
			targetProxy = E32FE391234DE583003CA7F1 /* PBXContainerItemProxy */;
		};
/* End PBXTargetDependency section */

/* Begin PBXVariantGroup section */
		E32FE37D234DE583003CA7F1 /* LaunchScreen.storyboard */ = {
			isa = PBXVariantGroup;
			children = (
				E32FE37E234DE583003CA7F1 /* Base */,
			);
			name = LaunchScreen.storyboard;
			sourceTree = "<group>";
		};
/* End PBXVariantGroup section */

/* Begin XCBuildConfiguration section */
		E32FE397234DE583003CA7F1 /* Debug */ = {
			isa = XCBuildConfiguration;
			buildSettings = {
				ALWAYS_SEARCH_USER_PATHS = NO;
				CLANG_ANALYZER_NONNULL = YES;
				CLANG_ANALYZER_NUMBER_OBJECT_CONVERSION = YES_AGGRESSIVE;
				CLANG_CXX_LANGUAGE_STANDARD = "gnu++14";
				CLANG_CXX_LIBRARY = "libc++";
				CLANG_ENABLE_MODULES = YES;
				CLANG_ENABLE_OBJC_ARC = YES;
				CLANG_ENABLE_OBJC_WEAK = YES;
				CLANG_WARN_BLOCK_CAPTURE_AUTORELEASING = YES;
				CLANG_WARN_BOOL_CONVERSION = YES;
				CLANG_WARN_COMMA = YES;
				CLANG_WARN_CONSTANT_CONVERSION = YES;
				CLANG_WARN_DEPRECATED_OBJC_IMPLEMENTATIONS = YES;
				CLANG_WARN_DIRECT_OBJC_ISA_USAGE = YES_ERROR;
				CLANG_WARN_DOCUMENTATION_COMMENTS = YES;
				CLANG_WARN_EMPTY_BODY = YES;
				CLANG_WARN_ENUM_CONVERSION = YES;
				CLANG_WARN_INFINITE_RECURSION = YES;
				CLANG_WARN_INT_CONVERSION = YES;
				CLANG_WARN_NON_LITERAL_NULL_CONVERSION = YES;
				CLANG_WARN_OBJC_IMPLICIT_RETAIN_SELF = YES;
				CLANG_WARN_OBJC_LITERAL_CONVERSION = YES;
				CLANG_WARN_OBJC_ROOT_CLASS = YES_ERROR;
				CLANG_WARN_RANGE_LOOP_ANALYSIS = YES;
				CLANG_WARN_STRICT_PROTOTYPES = YES;
				CLANG_WARN_SUSPICIOUS_MOVE = YES;
				CLANG_WARN_UNGUARDED_AVAILABILITY = YES_AGGRESSIVE;
				CLANG_WARN_UNREACHABLE_CODE = YES;
				CLANG_WARN__DUPLICATE_METHOD_MATCH = YES;
				COPY_PHASE_STRIP = NO;
				DEBUG_INFORMATION_FORMAT = dwarf;
				ENABLE_STRICT_OBJC_MSGSEND = YES;
				ENABLE_TESTABILITY = YES;
				GCC_C_LANGUAGE_STANDARD = gnu11;
				GCC_DYNAMIC_NO_PIC = NO;
				GCC_NO_COMMON_BLOCKS = YES;
				GCC_OPTIMIZATION_LEVEL = 0;
				GCC_PREPROCESSOR_DEFINITIONS = (
					"DEBUG=1",
					"$(inherited)",
				);
				GCC_WARN_64_TO_32_BIT_CONVERSION = YES;
				GCC_WARN_ABOUT_RETURN_TYPE = YES_ERROR;
				GCC_WARN_UNDECLARED_SELECTOR = YES;
				GCC_WARN_UNINITIALIZED_AUTOS = YES_AGGRESSIVE;
				GCC_WARN_UNUSED_FUNCTION = YES;
				GCC_WARN_UNUSED_VARIABLE = YES;
				IPHONEOS_DEPLOYMENT_TARGET = 13.1;
				MTL_ENABLE_DEBUG_INFO = INCLUDE_SOURCE;
				MTL_FAST_MATH = YES;
				ONLY_ACTIVE_ARCH = YES;
				SDKROOT = iphoneos;
				SWIFT_ACTIVE_COMPILATION_CONDITIONS = DEBUG;
				SWIFT_OPTIMIZATION_LEVEL = "-Onone";
			};
			name = Debug;
		};
		E32FE398234DE583003CA7F1 /* Release */ = {
			isa = XCBuildConfiguration;
			buildSettings = {
				ALWAYS_SEARCH_USER_PATHS = NO;
				CLANG_ANALYZER_NONNULL = YES;
				CLANG_ANALYZER_NUMBER_OBJECT_CONVERSION = YES_AGGRESSIVE;
				CLANG_CXX_LANGUAGE_STANDARD = "gnu++14";
				CLANG_CXX_LIBRARY = "libc++";
				CLANG_ENABLE_MODULES = YES;
				CLANG_ENABLE_OBJC_ARC = YES;
				CLANG_ENABLE_OBJC_WEAK = YES;
				CLANG_WARN_BLOCK_CAPTURE_AUTORELEASING = YES;
				CLANG_WARN_BOOL_CONVERSION = YES;
				CLANG_WARN_COMMA = YES;
				CLANG_WARN_CONSTANT_CONVERSION = YES;
				CLANG_WARN_DEPRECATED_OBJC_IMPLEMENTATIONS = YES;
				CLANG_WARN_DIRECT_OBJC_ISA_USAGE = YES_ERROR;
				CLANG_WARN_DOCUMENTATION_COMMENTS = YES;
				CLANG_WARN_EMPTY_BODY = YES;
				CLANG_WARN_ENUM_CONVERSION = YES;
				CLANG_WARN_INFINITE_RECURSION = YES;
				CLANG_WARN_INT_CONVERSION = YES;
				CLANG_WARN_NON_LITERAL_NULL_CONVERSION = YES;
				CLANG_WARN_OBJC_IMPLICIT_RETAIN_SELF = YES;
				CLANG_WARN_OBJC_LITERAL_CONVERSION = YES;
				CLANG_WARN_OBJC_ROOT_CLASS = YES_ERROR;
				CLANG_WARN_RANGE_LOOP_ANALYSIS = YES;
				CLANG_WARN_STRICT_PROTOTYPES = YES;
				CLANG_WARN_SUSPICIOUS_MOVE = YES;
				CLANG_WARN_UNGUARDED_AVAILABILITY = YES_AGGRESSIVE;
				CLANG_WARN_UNREACHABLE_CODE = YES;
				CLANG_WARN__DUPLICATE_METHOD_MATCH = YES;
				COPY_PHASE_STRIP = NO;
				DEBUG_INFORMATION_FORMAT = "dwarf-with-dsym";
				ENABLE_NS_ASSERTIONS = NO;
				ENABLE_STRICT_OBJC_MSGSEND = YES;
				GCC_C_LANGUAGE_STANDARD = gnu11;
				GCC_NO_COMMON_BLOCKS = YES;
				GCC_WARN_64_TO_32_BIT_CONVERSION = YES;
				GCC_WARN_ABOUT_RETURN_TYPE = YES_ERROR;
				GCC_WARN_UNDECLARED_SELECTOR = YES;
				GCC_WARN_UNINITIALIZED_AUTOS = YES_AGGRESSIVE;
				GCC_WARN_UNUSED_FUNCTION = YES;
				GCC_WARN_UNUSED_VARIABLE = YES;
				IPHONEOS_DEPLOYMENT_TARGET = 13.1;
				MTL_ENABLE_DEBUG_INFO = NO;
				MTL_FAST_MATH = YES;
				SDKROOT = iphoneos;
				SWIFT_COMPILATION_MODE = wholemodule;
				SWIFT_OPTIMIZATION_LEVEL = "-O";
				VALIDATE_PRODUCT = YES;
			};
			name = Release;
		};
		E32FE39A234DE583003CA7F1 /* Debug */ = {
			isa = XCBuildConfiguration;
			buildSettings = {
				ASSETCATALOG_COMPILER_APPICON_NAME = AppIcon;
				CODE_SIGN_STYLE = Automatic;
				DEVELOPMENT_ASSET_PATHS = "\"combine-practice-01/Preview Content\"";
				DEVELOPMENT_TEAM = J2WX5LW4CC;
				ENABLE_PREVIEWS = YES;
				INFOPLIST_FILE = "combine-practice-01/Info.plist";
				LD_RUNPATH_SEARCH_PATHS = (
					"$(inherited)",
					"@executable_path/Frameworks",
				);
				PRODUCT_BUNDLE_IDENTIFIER = "com.trilliwon.combine-practice-01";
				PRODUCT_NAME = "$(TARGET_NAME)";
				SWIFT_VERSION = 5.0;
				TARGETED_DEVICE_FAMILY = "1,2";
			};
			name = Debug;
		};
		E32FE39B234DE583003CA7F1 /* Release */ = {
			isa = XCBuildConfiguration;
			buildSettings = {
				ASSETCATALOG_COMPILER_APPICON_NAME = AppIcon;
				CODE_SIGN_STYLE = Automatic;
				DEVELOPMENT_ASSET_PATHS = "\"combine-practice-01/Preview Content\"";
				DEVELOPMENT_TEAM = J2WX5LW4CC;
				ENABLE_PREVIEWS = YES;
				INFOPLIST_FILE = "combine-practice-01/Info.plist";
				LD_RUNPATH_SEARCH_PATHS = (
					"$(inherited)",
					"@executable_path/Frameworks",
				);
				PRODUCT_BUNDLE_IDENTIFIER = "com.trilliwon.combine-practice-01";
				PRODUCT_NAME = "$(TARGET_NAME)";
				SWIFT_VERSION = 5.0;
				TARGETED_DEVICE_FAMILY = "1,2";
			};
			name = Release;
		};
		E32FE39D234DE583003CA7F1 /* Debug */ = {
			isa = XCBuildConfiguration;
			buildSettings = {
				ALWAYS_EMBED_SWIFT_STANDARD_LIBRARIES = YES;
				BUNDLE_LOADER = "$(TEST_HOST)";
				CODE_SIGN_STYLE = Automatic;
				DEVELOPMENT_TEAM = J2WX5LW4CC;
				INFOPLIST_FILE = "combine-practice-01Tests/Info.plist";
				IPHONEOS_DEPLOYMENT_TARGET = 13.1;
				LD_RUNPATH_SEARCH_PATHS = (
					"$(inherited)",
					"@executable_path/Frameworks",
					"@loader_path/Frameworks",
				);
				PRODUCT_BUNDLE_IDENTIFIER = "com.trilliwon.combine-practice-01Tests";
				PRODUCT_NAME = "$(TARGET_NAME)";
				SWIFT_VERSION = 5.0;
				TARGETED_DEVICE_FAMILY = "1,2";
				TEST_HOST = "$(BUILT_PRODUCTS_DIR)/combine-practice-01.app/combine-practice-01";
			};
			name = Debug;
		};
		E32FE39E234DE583003CA7F1 /* Release */ = {
			isa = XCBuildConfiguration;
			buildSettings = {
				ALWAYS_EMBED_SWIFT_STANDARD_LIBRARIES = YES;
				BUNDLE_LOADER = "$(TEST_HOST)";
				CODE_SIGN_STYLE = Automatic;
				DEVELOPMENT_TEAM = J2WX5LW4CC;
				INFOPLIST_FILE = "combine-practice-01Tests/Info.plist";
				IPHONEOS_DEPLOYMENT_TARGET = 13.1;
				LD_RUNPATH_SEARCH_PATHS = (
					"$(inherited)",
					"@executable_path/Frameworks",
					"@loader_path/Frameworks",
				);
				PRODUCT_BUNDLE_IDENTIFIER = "com.trilliwon.combine-practice-01Tests";
				PRODUCT_NAME = "$(TARGET_NAME)";
				SWIFT_VERSION = 5.0;
				TARGETED_DEVICE_FAMILY = "1,2";
				TEST_HOST = "$(BUILT_PRODUCTS_DIR)/combine-practice-01.app/combine-practice-01";
			};
			name = Release;
		};
		E32FE3A0234DE583003CA7F1 /* Debug */ = {
			isa = XCBuildConfiguration;
			buildSettings = {
				ALWAYS_EMBED_SWIFT_STANDARD_LIBRARIES = YES;
				CODE_SIGN_STYLE = Automatic;
				DEVELOPMENT_TEAM = J2WX5LW4CC;
				INFOPLIST_FILE = "combine-practice-01UITests/Info.plist";
				LD_RUNPATH_SEARCH_PATHS = (
					"$(inherited)",
					"@executable_path/Frameworks",
					"@loader_path/Frameworks",
				);
				PRODUCT_BUNDLE_IDENTIFIER = "com.trilliwon.combine-practice-01UITests";
				PRODUCT_NAME = "$(TARGET_NAME)";
				SWIFT_VERSION = 5.0;
				TARGETED_DEVICE_FAMILY = "1,2";
				TEST_TARGET_NAME = "combine-practice-01";
			};
			name = Debug;
		};
		E32FE3A1234DE583003CA7F1 /* Release */ = {
			isa = XCBuildConfiguration;
			buildSettings = {
				ALWAYS_EMBED_SWIFT_STANDARD_LIBRARIES = YES;
				CODE_SIGN_STYLE = Automatic;
				DEVELOPMENT_TEAM = J2WX5LW4CC;
				INFOPLIST_FILE = "combine-practice-01UITests/Info.plist";
				LD_RUNPATH_SEARCH_PATHS = (
					"$(inherited)",
					"@executable_path/Frameworks",
					"@loader_path/Frameworks",
				);
				PRODUCT_BUNDLE_IDENTIFIER = "com.trilliwon.combine-practice-01UITests";
				PRODUCT_NAME = "$(TARGET_NAME)";
				SWIFT_VERSION = 5.0;
				TARGETED_DEVICE_FAMILY = "1,2";
				TEST_TARGET_NAME = "combine-practice-01";
			};
			name = Release;
		};
/* End XCBuildConfiguration section */

/* Begin XCConfigurationList section */
		E32FE36A234DE582003CA7F1 /* Build configuration list for PBXProject "combine-practice-01" */ = {
			isa = XCConfigurationList;
			buildConfigurations = (
				E32FE397234DE583003CA7F1 /* Debug */,
				E32FE398234DE583003CA7F1 /* Release */,
			);
			defaultConfigurationIsVisible = 0;
			defaultConfigurationName = Release;
		};
		E32FE399234DE583003CA7F1 /* Build configuration list for PBXNativeTarget "combine-practice-01" */ = {
			isa = XCConfigurationList;
			buildConfigurations = (
				E32FE39A234DE583003CA7F1 /* Debug */,
				E32FE39B234DE583003CA7F1 /* Release */,
			);
			defaultConfigurationIsVisible = 0;
			defaultConfigurationName = Release;
		};
		E32FE39C234DE583003CA7F1 /* Build configuration list for PBXNativeTarget "combine-practice-01Tests" */ = {
			isa = XCConfigurationList;
			buildConfigurations = (
				E32FE39D234DE583003CA7F1 /* Debug */,
				E32FE39E234DE583003CA7F1 /* Release */,
			);
			defaultConfigurationIsVisible = 0;
			defaultConfigurationName = Release;
		};
		E32FE39F234DE583003CA7F1 /* Build configuration list for PBXNativeTarget "combine-practice-01UITests" */ = {
			isa = XCConfigurationList;
			buildConfigurations = (
				E32FE3A0234DE583003CA7F1 /* Debug */,
				E32FE3A1234DE583003CA7F1 /* Release */,
			);
			defaultConfigurationIsVisible = 0;
			defaultConfigurationName = Release;
		};
/* End XCConfigurationList section */
	};
	rootObject = E32FE367234DE582003CA7F1 /* Project object */;
}
